
Microsoft Visual Studio Solution File, Format Version 12.00
# Visual Studio Version 17
VisualStudioVersion = 17.6.33829.357
MinimumVisualStudioVersion = 10.0.40219.1
Project("{FAE04EC0-301F-11D3-BF4B-00C04F79EFBC}") = "csharp-giaiptbac2", "csharp-giaiptbac2.csproj", "{3DE198EF-47A5-48CD-A3EF-C83AF49BF2C2}"
EndProject
Global
	GlobalSection(SolutionConfigurationPlatforms) = preSolution
		Debug|Any CPU = Debug|Any CPU
		Release|Any CPU = Release|Any CPU
	EndGlobalSection
	GlobalSection(ProjectConfigurationPlatforms) = postSolution
		{3DE198EF-47A5-48CD-A3EF-C83AF49BF2C2}.Debug|Any CPU.ActiveCfg = Debug|Any CPU
		{3DE198EF-47A5-48CD-A3EF-C83AF49BF2C2}.Debug|Any CPU.Build.0 = Debug|Any CPU
		{3DE198EF-47A5-48CD-A3EF-C83AF49BF2C2}.Release|Any CPU.ActiveCfg = Release|Any CPU
		{3DE198EF-47A5-48CD-A3EF-C83AF49BF2C2}.Release|Any CPU.Build.0 = Release|Any CPU
	EndGlobalSection
	GlobalSection(SolutionProperties) = preSolution
		HideSolutionNode = FALSE
	EndGlobalSection
	GlobalSection(ExtensibilityGlobals) = postSolution
		SolutionGuid = {4AE23DA1-2D18-4756-A77F-BAE4072CA1AE}
	EndGlobalSection
EndGlobal
